
Microsoft Visual Studio Solution File, Format Version 12.00
# Visual Studio Version 17
VisualStudioVersion = 17.0.31912.275
MinimumVisualStudioVersion = 10.0.40219.1
Project("{9A19103F-16F7-4668-BE54-9A1E7A4F7556}") = "MediaHub", "MediaHub\MediaHub.csproj", "{4A8ADF5E-E8B2-4749-B90F-5645BF99038E}"
EndProject
Project("{9A19103F-16F7-4668-BE54-9A1E7A4F7556}") = "MediaHub.Data", "MediaHub.Data\MediaHub.Data.csproj", "{544F3CA0-0B86-4933-B970-3F7020979D84}"
EndProject
Project("{9A19103F-16F7-4668-BE54-9A1E7A4F7556}") = "MediaHub.Test", "MediaHub.Test\MediaHub.Test.csproj", "{394BA403-2734-42B4-A7B4-00DE10BDAF15}"
EndProject
Project("{E53339B2-1760-4266-BCC7-CA923CBCF16C}") = "docker-compose", "docker-compose.dcproj", "{B69EFB22-3F0D-4990-8E6E-2A186FDFED0B}"
EndProject
Global
	GlobalSection(SolutionConfigurationPlatforms) = preSolution
		Debug|Any CPU = Debug|Any CPU
		Release|Any CPU = Release|Any CPU
	EndGlobalSection
	GlobalSection(ProjectConfigurationPlatforms) = postSolution
		{4A8ADF5E-E8B2-4749-B90F-5645BF99038E}.Debug|Any CPU.ActiveCfg = Debug|Any CPU
		{4A8ADF5E-E8B2-4749-B90F-5645BF99038E}.Debug|Any CPU.Build.0 = Debug|Any CPU
		{4A8ADF5E-E8B2-4749-B90F-5645BF99038E}.Release|Any CPU.ActiveCfg = Release|Any CPU
		{4A8ADF5E-E8B2-4749-B90F-5645BF99038E}.Release|Any CPU.Build.0 = Release|Any CPU
		{544F3CA0-0B86-4933-B970-3F7020979D84}.Debug|Any CPU.ActiveCfg = Debug|Any CPU
		{544F3CA0-0B86-4933-B970-3F7020979D84}.Debug|Any CPU.Build.0 = Debug|Any CPU
		{544F3CA0-0B86-4933-B970-3F7020979D84}.Release|Any CPU.ActiveCfg = Release|Any CPU
		{544F3CA0-0B86-4933-B970-3F7020979D84}.Release|Any CPU.Build.0 = Release|Any CPU
		{394BA403-2734-42B4-A7B4-00DE10BDAF15}.Debug|Any CPU.ActiveCfg = Debug|Any CPU
		{394BA403-2734-42B4-A7B4-00DE10BDAF15}.Debug|Any CPU.Build.0 = Debug|Any CPU
		{394BA403-2734-42B4-A7B4-00DE10BDAF15}.Release|Any CPU.ActiveCfg = Release|Any CPU
		{394BA403-2734-42B4-A7B4-00DE10BDAF15}.Release|Any CPU.Build.0 = Release|Any CPU
		{B69EFB22-3F0D-4990-8E6E-2A186FDFED0B}.Debug|Any CPU.ActiveCfg = Debug|Any CPU
		{B69EFB22-3F0D-4990-8E6E-2A186FDFED0B}.Debug|Any CPU.Build.0 = Debug|Any CPU
		{B69EFB22-3F0D-4990-8E6E-2A186FDFED0B}.Release|Any CPU.ActiveCfg = Release|Any CPU
		{B69EFB22-3F0D-4990-8E6E-2A186FDFED0B}.Release|Any CPU.Build.0 = Release|Any CPU
	EndGlobalSection
	GlobalSection(SolutionProperties) = preSolution
		HideSolutionNode = FALSE
	EndGlobalSection
	GlobalSection(ExtensibilityGlobals) = postSolution
		SolutionGuid = {1F63F7FE-469D-4F10-BB67-9672C9258F67}
	EndGlobalSection
EndGlobal
