
Microsoft Visual Studio Solution File, Format Version 12.00
# Visual Studio Version 17
VisualStudioVersion = 17.0.31912.275
MinimumVisualStudioVersion = 10.0.40219.1
Project("{FAE04EC0-301F-11D3-BF4B-00C04F79EFBC}") = "MediaHub", "MediaHub\MediaHub.csproj", "{4A8ADF5E-E8B2-4749-B90F-5645BF99038E}"
EndProject
Global
	GlobalSection(SolutionConfigurationPlatforms) = preSolution
		Debug|Any CPU = Debug|Any CPU
		Release|Any CPU = Release|Any CPU
	EndGlobalSection
	GlobalSection(ProjectConfigurationPlatforms) = postSolution
		{4A8ADF5E-E8B2-4749-B90F-5645BF99038E}.Debug|Any CPU.ActiveCfg = Debug|Any CPU
		{4A8ADF5E-E8B2-4749-B90F-5645BF99038E}.Debug|Any CPU.Build.0 = Debug|Any CPU
		{4A8ADF5E-E8B2-4749-B90F-5645BF99038E}.Release|Any CPU.ActiveCfg = Release|Any CPU
		{4A8ADF5E-E8B2-4749-B90F-5645BF99038E}.Release|Any CPU.Build.0 = Release|Any CPU
	EndGlobalSection
	GlobalSection(SolutionProperties) = preSolution
		HideSolutionNode = FALSE
	EndGlobalSection
	GlobalSection(ExtensibilityGlobals) = postSolution
		SolutionGuid = {1F63F7FE-469D-4F10-BB67-9672C9258F67}
	EndGlobalSection
EndGlobal
